<?xml version="1.0" encoding="utf-8"?>
<Project ToolsVersion="4.0" xmlns="http://schemas.microsoft.com/developer/msbuild/2003">
  <ItemGroup>
    <Filter Include="Tests">
      <UniqueIdentifier>{743bde02-5369-46b0-a64d-2f2a6249cf44}</UniqueIdentifier>
    </Filter>
    <Filter Include="Channel">
      <UniqueIdentifier>{49b0f5a3-57e9-4d34-98de-c6159cdc1a70}</UniqueIdentifier>
    </Filter>
    <Filter Include="Math">
      <UniqueIdentifier>{eeea2bea-9094-48a8-8131-909e830c458f}</UniqueIdentifier>
    </Filter>
    <Filter Include="Memory">
      <UniqueIdentifier>{3d773fb6-4a7a-4640-a38c-0f32f3d94151}</UniqueIdentifier>
    </Filter>
  </ItemGroup>
  <ItemGroup>
    <ClCompile Include="Tests\DoctestMain.cpp">
      <Filter>Tests</Filter>
    </ClCompile>
    <ClCompile Include="Tests\FMessageChannelTests.cpp">
      <Filter>Tests</Filter>
    </ClCompile>
    <ClCompile Include="Tests\FStateChannelTests.cpp">
      <Filter>Tests</Filter>
    </ClCompile>
    <ClCompile Include="Tests\MathTests.cpp">
      <Filter>Tests</Filter>
    </ClCompile>
    <ClCompile Include="Tests\MemoryTests.cpp">
      <Filter>Tests</Filter>
    </ClCompile>
    <ClCompile Include="Memory.cpp">
      <Filter>Memory</Filter>
    </ClCompile>
    <ClCompile Include="SimpleMath\SimpleMath.cpp">
      <Filter>Math</Filter>
    </ClCompile>
    <ClCompile Include="Core\Channel\FMessage.cpp">
      <Filter>Channel</Filter>
    </ClCompile>
    <ClCompile Include="Core\Channel\FMessageChannel.cpp">
      <Filter>Channel</Filter>
    </ClCompile>
    <ClCompile Include="Core\Channel\FMessageHandler.cpp">
      <Filter>Channel</Filter>
    </ClCompile>
  </ItemGroup>
</Project>
