<?xml version="1.0" encoding="utf-8"?>
<Project ToolsVersion="4.0" xmlns="http://schemas.microsoft.com/developer/msbuild/2003">
  <ItemGroup>
    <Filter Include="소스 파일">
      <UniqueIdentifier>{4FC737F1-C7A5-4376-A066-2A32D752A2FF}</UniqueIdentifier>
      <Extensions>cpp;c;cc;cxx;c++;cppm;ixx;def;odl;idl;hpj;bat;asm;asmx</Extensions>
    </Filter>
    <Filter Include="헤더 파일">
      <UniqueIdentifier>{93995380-89BD-4b04-88EB-625FBE52EBFB}</UniqueIdentifier>
      <Extensions>h;hh;hpp;hxx;h++;hm;inl;inc;ipp;xsd</Extensions>
    </Filter>
    <Filter Include="리소스 파일">
      <UniqueIdentifier>{67DA6AB6-F800-4c08-8B7A-83BB121AAD01}</UniqueIdentifier>
      <Extensions>rc;ico;cur;bmp;dlg;rc2;rct;bin;rgs;gif;jpg;jpeg;jpe;resx;tiff;tif;png;wav;mfcribbon-ms</Extensions>
    </Filter>
    <Filter Include="doctest">
      <UniqueIdentifier>{489fd2de-e431-400e-858f-4d17d61ea8df}</UniqueIdentifier>
    </Filter>
    <Filter Include="Core">
      <UniqueIdentifier>{5a64a9e9-f148-4ec5-818b-bc3bdd61f595}</UniqueIdentifier>
    </Filter>
    <Filter Include="Core\Base">
      <UniqueIdentifier>{01c6f6cf-443d-4f65-b2dd-e1f38d39e100}</UniqueIdentifier>
    </Filter>
    <Filter Include="Core\Channel">
      <UniqueIdentifier>{f06468fe-7796-4c56-ae39-3d3d897eb05b}</UniqueIdentifier>
    </Filter>
    <Filter Include="Core\Memory">
      <UniqueIdentifier>{7fc417b4-ff8b-45fe-96c1-d1ad76589ea9}</UniqueIdentifier>
    </Filter>
    <Filter Include="Render\Pipeline">
      <UniqueIdentifier>{6e666080-651f-4e86-95b1-1e77c8137aef}</UniqueIdentifier>
    </Filter>
  </ItemGroup>
  <ItemGroup>
    <ClInclude Include="framework.h">
      <Filter>헤더 파일</Filter>
    </ClInclude>
    <ClInclude Include="targetver.h">
      <Filter>헤더 파일</Filter>
    </ClInclude>
    <ClInclude Include="Resource.h">
      <Filter>헤더 파일</Filter>
    </ClInclude>
    <ClInclude Include="Macaw.h">
      <Filter>헤더 파일</Filter>
    </ClInclude>
    <ClInclude Include="Core\Base\FGuid.h">
      <Filter>헤더 파일</Filter>
    </ClInclude>
    <ClInclude Include="Core\Base\FObjectHandle.h">
      <Filter>헤더 파일</Filter>
    </ClInclude>
    <ClInclude Include="Core\Base\FObjectItem.h">
      <Filter>헤더 파일</Filter>
    </ClInclude>
    <ClInclude Include="Core\Base\FRecordObjectState.h">
      <Filter>헤더 파일</Filter>
    </ClInclude>
    <ClInclude Include="Core\Base\FUndoTransaction.h">
      <Filter>헤더 파일</Filter>
    </ClInclude>
    <ClInclude Include="Core\Base\IUndoRecord.h">
      <Filter>헤더 파일</Filter>
    </ClInclude>
    <ClInclude Include="UObjectSystem.h">
      <Filter>헤더 파일</Filter>
    </ClInclude>
    <ClInclude Include="Core\Base\UndoSystem.h">
      <Filter>헤더 파일</Filter>
    </ClInclude>
    <ClInclude Include="Core\Base\UObject.h">
      <Filter>헤더 파일</Filter>
    </ClInclude>
    <ClInclude Include="pch.h">
      <Filter>헤더 파일</Filter>
    </ClInclude>
    <ClInclude Include="STL.h">
      <Filter>헤더 파일</Filter>
    </ClInclude>
    <ClInclude Include="Renderer\URenderer.h">
      <Filter>헤더 파일</Filter>
    </ClInclude>
    <ClInclude Include="Tests\doctest.h">
      <Filter>헤더 파일</Filter>
    </ClInclude>
    <ClInclude Include="Render\Pipeline\Defines.h">
      <Filter>Render\Pipeline</Filter>
    </ClInclude>
    <ClInclude Include="Render\Pipeline\Pipeline.h">
      <Filter>Render\Pipeline</Filter>
    </ClInclude>
    <ClInclude Include="Render\Pipeline\Shader.h">
      <Filter>Render\Pipeline</Filter>
    </ClInclude>
    <ClInclude Include="Render\Pipeline\Wrapper.h">
      <Filter>Render\Pipeline</Filter>
    </ClInclude>
    <ClInclude Include="ErrorHandler.h">
      <Filter>헤더 파일</Filter>
    </ClInclude>
    <ClInclude Include="Render\Renderer.h">
      <Filter>Render</Filter>
    </ClInclude>
  </ItemGroup>
  <ItemGroup>
    <ClCompile Include="Core\Base\FGuid.cpp">
      <Filter>소스 파일</Filter>
    </ClCompile>
    <ClCompile Include="Core\Base\FRecordObjectState.cpp">
      <Filter>소스 파일</Filter>
    </ClCompile>
    <ClCompile Include="Core\Base\FUndoTransaction.cpp">
      <Filter>소스 파일</Filter>
    </ClCompile>
    <ClCompile Include="UObjectSystem.cpp">
      <Filter>소스 파일</Filter>
    </ClCompile>
    <ClCompile Include="Core\Base\UndoSystem.cpp">
      <Filter>소스 파일</Filter>
    </ClCompile>
    <ClCompile Include="Core\Base\UObject.cpp">
      <Filter>소스 파일</Filter>
    </ClCompile>
    <ClCompile Include="pch.cpp">
      <Filter>소스 파일</Filter>
    </ClCompile>
    <ClCompile Include="Tests\TestUndo.cpp">
      <Filter>소스 파일</Filter>
    </ClCompile>
    <ClCompile Include="Render\Pipeline\Pipeline.cpp">
      <Filter>Render\Pipeline</Filter>
    </ClCompile>
    <ClCompile Include="Render\Pipeline\Shader.cpp">
      <Filter>Render\Pipeline</Filter>
    </ClCompile>
    <ClCompile Include="ErrorHandler.cpp">
      <Filter>소스 파일</Filter>
    </ClCompile>
    <ClCompile Include="Render\Renderer.cpp">
      <Filter>Render</Filter>
    </ClCompile>
    <ClCompile Include="Renderer\URenderer.cpp">
      <Filter>소스 파일</Filter>
    </ClCompile>
    <ClCompile Include="Core\Console\Console.cpp">
      <Filter>소스 파일</Filter>
    </ClCompile>
    <ClCompile Include="Renderer\ConsoleWindow.cpp">
      <Filter>소스 파일</Filter>
    </ClCompile>
  </ItemGroup>
  <ItemGroup>
    <ResourceCompile Include="Macaw.rc">
      <Filter>리소스 파일</Filter>
    </ResourceCompile>
  </ItemGroup>
  <ItemGroup>
    <Image Include="small.ico">
      <Filter>리소스 파일</Filter>
    </Image>
    <Image Include="Macaw.ico">
      <Filter>리소스 파일</Filter>
    </Image>
  </ItemGroup>
</Project>