<?xml version="1.0" encoding="utf-8"?>
<Project ToolsVersion="4.0" xmlns="http://schemas.microsoft.com/developer/msbuild/2003">
  <ItemGroup>
    <Filter Include="리소스 파일">
      <UniqueIdentifier>{67DA6AB6-F800-4c08-8B7A-83BB121AAD01}</UniqueIdentifier>
      <Extensions>rc;ico;cur;bmp;dlg;rc2;rct;bin;rgs;gif;jpg;jpeg;jpe;resx;tiff;tif;png;wav;mfcribbon-ms</Extensions>
    </Filter>
    <Filter Include="Core">
      <UniqueIdentifier>{5a64a9e9-f148-4ec5-818b-bc3bdd61f595}</UniqueIdentifier>
    </Filter>
    <Filter Include="Core\Base">
      <UniqueIdentifier>{01c6f6cf-443d-4f65-b2dd-e1f38d39e100}</UniqueIdentifier>
    </Filter>
    <Filter Include="Core\Channel">
      <UniqueIdentifier>{f06468fe-7796-4c56-ae39-3d3d897eb05b}</UniqueIdentifier>
    </Filter>
    <Filter Include="Core\Memory">
      <UniqueIdentifier>{7fc417b4-ff8b-45fe-96c1-d1ad76589ea9}</UniqueIdentifier>
    </Filter>
    <Filter Include="Render">
      <UniqueIdentifier>{6ccf005e-f9b0-4b25-95a2-6e7e27f596ef}</UniqueIdentifier>
    </Filter>
    <Filter Include="Render\Pipeline">
      <UniqueIdentifier>{c9860bf1-6bc6-4530-aeb6-6657f10bce02}</UniqueIdentifier>
    </Filter>
    <Filter Include="Render\Console">
      <UniqueIdentifier>{ba43d83e-4853-4559-96aa-24a0497feae1}</UniqueIdentifier>
    </Filter>
    <Filter Include="Core\Base\UObject">
      <UniqueIdentifier>{3ff75d73-22b7-4fe1-a4bc-482401744d7e}</UniqueIdentifier>
    </Filter>
    <Filter Include="Core\Console">
      <UniqueIdentifier>{04bc1b20-3b40-432b-873c-e254b260a303}</UniqueIdentifier>
    </Filter>
    <Filter Include="Imgui">
      <UniqueIdentifier>{c60b77dd-82f0-4925-acf5-d3375809e190}</UniqueIdentifier>
    </Filter>
    <Filter Include="Core\Asset">
      <UniqueIdentifier>{43e6b1bc-0755-4251-9234-11107f9fdd3b}</UniqueIdentifier>
    </Filter>
    <Filter Include="Scene">
      <UniqueIdentifier>{d941dab7-6bab-4cbd-aeeb-94c5551175da}</UniqueIdentifier>
    </Filter>
  </ItemGroup>
  <ItemGroup>
    <ResourceCompile Include="Macaw.rc">
      <Filter>리소스 파일</Filter>
    </ResourceCompile>
  </ItemGroup>
  <ItemGroup>
    <Image Include="small.ico">
      <Filter>리소스 파일</Filter>
    </Image>
    <Image Include="Macaw.ico">
      <Filter>리소스 파일</Filter>
    </Image>
  </ItemGroup>
  <ItemGroup>
    <ClCompile Include="Core\Base\FGuid.cpp">
      <Filter>Core\Base</Filter>
    </ClCompile>
    <ClCompile Include="Core\Base\FRecordObjectState.cpp">
      <Filter>Core\Base</Filter>
    </ClCompile>
    <ClCompile Include="Core\Base\FUndoTransaction.cpp">
      <Filter>Core\Base</Filter>
    </ClCompile>
    <ClCompile Include="Core\Base\UUndoSystem.cpp">
      <Filter>Core\Base</Filter>
    </ClCompile>
    <ClCompile Include="Core\Channel\FMessage.cpp">
      <Filter>Core\Channel</Filter>
    </ClCompile>
    <ClCompile Include="Core\Channel\FMessageChannel.cpp">
      <Filter>Core\Channel</Filter>
    </ClCompile>
    <ClCompile Include="Core\Channel\FMessageHandler.cpp">
      <Filter>Core\Channel</Filter>
    </ClCompile>
    <ClCompile Include="Core\Memory\Memory.cpp">
      <Filter>Core\Memory</Filter>
    </ClCompile>
    <ClCompile Include="Render\Pipeline\UPipeline.cpp">
      <Filter>Render\Pipeline</Filter>
    </ClCompile>
    <ClCompile Include="Render\Pipeline\FShader.cpp">
      <Filter>Render\Pipeline</Filter>
    </ClCompile>
    <ClCompile Include="Render\Console\ConsoleWindow.cpp">
      <Filter>Render\Console</Filter>
    </ClCompile>
    <ClCompile Include="Render\Renderer.cpp">
      <Filter>Render</Filter>
    </ClCompile>
    <ClCompile Include="ErrorHandler.cpp" />
    <ClCompile Include="Core\Base\UObjectSystem.cpp">
      <Filter>Core\Base\UObject</Filter>
    </ClCompile>
    <ClCompile Include="Core\Console\Console.cpp">
      <Filter>Core\Console</Filter>
    </ClCompile>
    <ClCompile Include="PCH.cpp" />
    <ClCompile Include="ImGui\imgui.cpp">
      <Filter>Imgui</Filter>
    </ClCompile>
    <ClCompile Include="ImGui\imgui_demo.cpp">
      <Filter>Imgui</Filter>
    </ClCompile>
    <ClCompile Include="ImGui\imgui_draw.cpp">
      <Filter>Imgui</Filter>
    </ClCompile>
    <ClCompile Include="ImGui\imgui_impl_dx11.cpp">
      <Filter>Imgui</Filter>
    </ClCompile>
    <ClCompile Include="ImGui\imgui_impl_win32.cpp">
      <Filter>Imgui</Filter>
    </ClCompile>
    <ClCompile Include="ImGui\imgui_tables.cpp">
      <Filter>Imgui</Filter>
    </ClCompile>
    <ClCompile Include="ImGui\imgui_widgets.cpp">
      <Filter>Imgui</Filter>
    </ClCompile>
    <ClCompile Include="ImGui\stb_image.cpp">
      <Filter>Imgui</Filter>
    </ClCompile>
    <ClCompile Include="Macaw.cpp" />
    <ClCompile Include="Core\Asset\FAssetHandle.cpp">
      <Filter>Core\Asset</Filter>
    </ClCompile>
    <ClCompile Include="Core\Asset\FAssetRegistry.cpp">
      <Filter>Core\Asset</Filter>
    </ClCompile>
    <ClCompile Include="Core\Base\FRenderProbe.cpp">
      <Filter>Core\Base</Filter>
    </ClCompile>
    <ClCompile Include="Core\Asset\UMaterial.cpp">
      <Filter>Core\Asset</Filter>
    </ClCompile>
    <ClCompile Include="Core\Asset\UMesh.cpp">
      <Filter>Core\Asset</Filter>
    </ClCompile>
    <ClCompile Include="Core\Base\UObject.cpp">
      <Filter>Core\Base\UObject</Filter>
    </ClCompile>
    <ClCompile Include="Core\Base\TypeInfo.cpp">
      <Filter>Core\Base</Filter>
    </ClCompile>
    <ClCompile Include="Core\Base\FVertexAttribute.cpp">
      <Filter>Core\Base</Filter>
    </ClCompile>
    <ClCompile Include="Core\Base\FTreansform.cpp">
      <Filter>Core\Base</Filter>
    </ClCompile>
    <ClCompile Include="Scene\UCamera.cpp">
      <Filter>Scene</Filter>
    </ClCompile>
    <ClCompile Include="Scene\UWorld.cpp">
      <Filter>Scene</Filter>
    </ClCompile>
    <ClCompile Include="Scene\USceneObject.cpp">
      <Filter>Scene</Filter>
    </ClCompile>
    <ClCompile Include="Scene\URenderableObject.cpp">
      <Filter>Scene</Filter>
    </ClCompile>
  </ItemGroup>
  <ItemGroup>
    <ClInclude Include="Core\Base\FGuid.h">
      <Filter>Core\Base</Filter>
    </ClInclude>
    <ClInclude Include="Core\Base\FRecordObjectState.h">
      <Filter>Core\Base</Filter>
    </ClInclude>
    <ClInclude Include="Core\Base\FUndoTransaction.h">
      <Filter>Core\Base</Filter>
    </ClInclude>
    <ClInclude Include="Core\Base\IUndoRecord.h">
      <Filter>Core\Base</Filter>
    </ClInclude>
    <ClInclude Include="Core\Base\TypeInfo.h">
      <Filter>Core\Base</Filter>
    </ClInclude>
    <ClInclude Include="Core\Base\UUndoSystem.h">
      <Filter>Core\Base</Filter>
    </ClInclude>
    <ClInclude Include="Core\Channel\FMessage.h">
      <Filter>Core\Channel</Filter>
    </ClInclude>
    <ClInclude Include="Core\Channel\FMessageChannel.h">
      <Filter>Core\Channel</Filter>
    </ClInclude>
    <ClInclude Include="Core\Channel\FMessageHandler.h">
      <Filter>Core\Channel</Filter>
    </ClInclude>
    <ClInclude Include="Core\Channel\FStateChannel.h">
      <Filter>Core\Channel</Filter>
    </ClInclude>
    <ClInclude Include="Core\Memory\TEngineAllocator.h">
      <Filter>Core\Memory</Filter>
    </ClInclude>
    <ClInclude Include="Core\Memory\Memory.h">
      <Filter>Core\Memory</Filter>
    </ClInclude>
    <ClInclude Include="Render\Pipeline\Defines.h">
      <Filter>Render\Pipeline</Filter>
    </ClInclude>
    <ClInclude Include="Render\Pipeline\UPipeline.h">
      <Filter>Render\Pipeline</Filter>
    </ClInclude>
    <ClInclude Include="Render\Pipeline\FShader.h">
      <Filter>Render\Pipeline</Filter>
    </ClInclude>
    <ClInclude Include="Render\Pipeline\Wrapper.h">
      <Filter>Render\Pipeline</Filter>
    </ClInclude>
    <ClInclude Include="Render\Console\ConsoleWindow.h">
      <Filter>Render\Console</Filter>
    </ClInclude>
    <ClInclude Include="Render\Renderer.h">
      <Filter>Render</Filter>
    </ClInclude>
    <ClInclude Include="Common.h" />
    <ClInclude Include="ErrorHandler.h" />
    <ClInclude Include="FMath.h" />
    <ClInclude Include="PCH.h" />
    <ClInclude Include="STL.h" />
    <ClInclude Include="Core\Base\UObjectSystem.h">
      <Filter>Core\Base\UObject</Filter>
    </ClInclude>
    <ClInclude Include="Core\Console\Console.h">
      <Filter>Core\Console</Filter>
    </ClInclude>
    <ClInclude Include="ImGui\imconfig.h">
      <Filter>Imgui</Filter>
    </ClInclude>
    <ClInclude Include="ImGui\imgui.h">
      <Filter>Imgui</Filter>
    </ClInclude>
    <ClInclude Include="ImGui\imgui_impl_dx11.h">
      <Filter>Imgui</Filter>
    </ClInclude>
    <ClInclude Include="ImGui\imgui_impl_win32.h">
      <Filter>Imgui</Filter>
    </ClInclude>
    <ClInclude Include="ImGui\imgui_internal.h">
      <Filter>Imgui</Filter>
    </ClInclude>
    <ClInclude Include="ImGui\imstb_rectpack.h">
      <Filter>Imgui</Filter>
    </ClInclude>
    <ClInclude Include="ImGui\imstb_textedit.h">
      <Filter>Imgui</Filter>
    </ClInclude>
    <ClInclude Include="ImGui\imstb_truetype.h">
      <Filter>Imgui</Filter>
    </ClInclude>
    <ClInclude Include="ImGui\stb_image.h">
      <Filter>Imgui</Filter>
    </ClInclude>
    <ClInclude Include="Core\Asset\FAssetHandle.h">
      <Filter>Core\Asset</Filter>
    </ClInclude>
    <ClInclude Include="Core\Asset\FAssetRegistry.h">
      <Filter>Core\Asset</Filter>
    </ClInclude>
    <ClInclude Include="Core\Base\FRenderProbe.h">
      <Filter>Core\Base</Filter>
    </ClInclude>
    <ClInclude Include="Core\Asset\UMaterial.h">
      <Filter>Core\Asset</Filter>
    </ClInclude>
    <ClInclude Include="Core\Asset\UMesh.h">
      <Filter>Core\Asset</Filter>
    </ClInclude>
    <ClInclude Include="Core\Base\FObjectItem.h">
      <Filter>Core\Base\UObject</Filter>
    </ClInclude>
    <ClInclude Include="Core\Base\FObjectHandle.h">
      <Filter>Core\Base\UObject</Filter>
    </ClInclude>
    <ClInclude Include="Core\Base\UObject.h">
      <Filter>Core\Base\UObject</Filter>
    </ClInclude>
    <ClInclude Include="Core\Base\FVertexAttribute.h">
      <Filter>Core\Base</Filter>
    </ClInclude>
    <ClInclude Include="Scene\UCamera.h">
      <Filter>Scene</Filter>
    </ClInclude>
    <ClInclude Include="Scene\USceneObject.h">
      <Filter>Scene</Filter>
    </ClInclude>
    <ClInclude Include="Core\Base\FTransform.h">
      <Filter>Core\Base</Filter>
    </ClInclude>
    <ClInclude Include="Scene\UCube.h">
      <Filter>Scene</Filter>
    </ClInclude>
    <ClInclude Include="Scene\URenderableObject.h">
      <Filter>Scene</Filter>
    </ClInclude>
    <ClInclude Include="Scene\UWorld.h">
      <Filter>Scene</Filter>
    </ClInclude>
    <ClInclude Include="Scene\USphere.h">
      <Filter>Scene</Filter>
    </ClInclude>
  </ItemGroup>
</Project>
