<?xml version="1.0" encoding="utf-8"?>
<Project ToolsVersion="4.0" xmlns="http://schemas.microsoft.com/developer/msbuild/2003">
  <ItemGroup>
    <Filter Include="Tests">
      <UniqueIdentifier>{743bde02-5369-46b0-a64d-2f2a6249cf44}</UniqueIdentifier>
    </Filter>
    <Filter Include="Serialize">
      <UniqueIdentifier>{3d1d9dd5-002a-4fed-8f04-a7497a1d513e}</UniqueIdentifier>
    </Filter>
    <Filter Include="Core">
      <UniqueIdentifier>{5b20c6df-61f0-4c98-be08-442188a2f005}</UniqueIdentifier>
    </Filter>
    <Filter Include="Core\Base">
      <UniqueIdentifier>{7e356925-52fd-465b-8635-c827b4e1c24d}</UniqueIdentifier>
    </Filter>
    <Filter Include="Core\Base\UndoSystem">
      <UniqueIdentifier>{f4b4a59d-11b5-48ca-b9ef-767cc03914cf}</UniqueIdentifier>
    </Filter>
    <Filter Include="Core\Channel">
      <UniqueIdentifier>{49b0f5a3-57e9-4d34-98de-c6159cdc1a70}</UniqueIdentifier>
    </Filter>
    <Filter Include="Core\Memory">
      <UniqueIdentifier>{3d773fb6-4a7a-4640-a38c-0f32f3d94151}</UniqueIdentifier>
    </Filter>
    <Filter Include="rapidjson">
      <UniqueIdentifier>{6b536554-21d6-4b05-8d3a-47161a2a1439}</UniqueIdentifier>
    </Filter>
    <Filter Include="rapidjson\error">
      <UniqueIdentifier>{98be00cc-19b2-4ebb-aff1-efc28db547d9}</UniqueIdentifier>
    </Filter>
    <Filter Include="rapidjson\internal">
      <UniqueIdentifier>{f830138c-d318-4593-90c2-138d0e44e1ab}</UniqueIdentifier>
    </Filter>
    <Filter Include="rapidjson\msinttypes">
      <UniqueIdentifier>{c8e9683d-7faa-4613-b06b-de6b5c2fc90c}</UniqueIdentifier>
    </Filter>
  </ItemGroup>
  <ItemGroup>
    <ClCompile Include="Tests\DoctestMain.cpp">
      <Filter>Tests</Filter>
    </ClCompile>
    <ClCompile Include="ErrorHandler.cpp" />
    <ClCompile Include="Tests\SerializeTests.cpp">
      <Filter>Tests</Filter>
    </ClCompile>
    <ClCompile Include="Core\Base\UndoSystem\FRecordObjectState.cpp">
      <Filter>Core\Base\UndoSystem</Filter>
    </ClCompile>
    <ClCompile Include="Core\Base\UndoSystem\FUndoTransaction.cpp">
      <Filter>Core\Base\UndoSystem</Filter>
    </ClCompile>
    <ClCompile Include="Core\Base\UndoSystem\UUndoSystem.cpp">
      <Filter>Core\Base\UndoSystem</Filter>
    </ClCompile>
    <ClCompile Include="Core\Base\UObject.cpp">
      <Filter>Core\Base</Filter>
    </ClCompile>
    <ClCompile Include="Core\Base\TypeInfo.cpp">
      <Filter>Core\Base</Filter>
    </ClCompile>
    <ClCompile Include="Core\Base\TypeRegistry.cpp">
      <Filter>Core\Base</Filter>
    </ClCompile>
    <ClCompile Include="PCH.cpp" />
    <ClCompile Include="Core\Base\UObjectSystem.cpp">
      <Filter>Core\Base</Filter>
    </ClCompile>
    <ClCompile Include="Core\Base\FGuid.cpp">
      <Filter>Core\Base</Filter>
    </ClCompile>
    <ClCompile Include="Core\Channel\FMessage.cpp">
      <Filter>Core\Channel</Filter>
    </ClCompile>
    <ClCompile Include="Core\Channel\FMessageChannel.cpp">
      <Filter>Core\Channel</Filter>
    </ClCompile>
    <ClCompile Include="Core\Channel\FMessageHandler.cpp">
      <Filter>Core\Channel</Filter>
    </ClCompile>
    <ClCompile Include="Core\Memory\Memory.cpp">
      <Filter>Core\Memory</Filter>
    </ClCompile>
    <ClCompile Include="Serialize\FArchive.cpp">
      <Filter>Serialize</Filter>
    </ClCompile>
    <ClCompile Include="Serialize\FArchiveJson.cpp">
      <Filter>Serialize</Filter>
    </ClCompile>
    <ClCompile Include="Serialize\FArchiveMemory.cpp">
      <Filter>Serialize</Filter>
    </ClCompile>
    <ClCompile Include="Tests\UndoSystemTests.cpp">
      <Filter>Tests</Filter>
    </ClCompile>
  </ItemGroup>
  <ItemGroup>
    <ClInclude Include="Core\Base\UndoSystem\FRecordObjectState.h">
      <Filter>Core\Base\UndoSystem</Filter>
    </ClInclude>
    <ClInclude Include="Core\Base\UndoSystem\FUndoTransaction.h">
      <Filter>Core\Base\UndoSystem</Filter>
    </ClInclude>
    <ClInclude Include="Core\Base\UndoSystem\IUndoContext.h">
      <Filter>Core\Base\UndoSystem</Filter>
    </ClInclude>
    <ClInclude Include="Core\Base\UndoSystem\IUndoRecord.h">
      <Filter>Core\Base\UndoSystem</Filter>
    </ClInclude>
    <ClInclude Include="Core\Base\UndoSystem\UUndoSystem.h">
      <Filter>Core\Base\UndoSystem</Filter>
    </ClInclude>
    <ClInclude Include="Core\Base\UObject.h">
      <Filter>Core\Base</Filter>
    </ClInclude>
    <ClInclude Include="Core\Base\TypeInfo.h">
      <Filter>Core\Base</Filter>
    </ClInclude>
    <ClInclude Include="Core\Base\TypeRegistry.h">
      <Filter>Core\Base</Filter>
    </ClInclude>
    <ClInclude Include="Core\Base\FObjectHandle.h">
      <Filter>Core\Base</Filter>
    </ClInclude>
    <ClInclude Include="Core\Base\FObjectItem.h">
      <Filter>Core\Base</Filter>
    </ClInclude>
    <ClInclude Include="Common.h" />
    <ClInclude Include="ErrorHandler.h" />
    <ClInclude Include="STL.h" />
    <ClInclude Include="Core\Base\UObjectSystem.h">
      <Filter>Core\Base</Filter>
    </ClInclude>
    <ClInclude Include="Core\Base\FGuid.h">
      <Filter>Core\Base</Filter>
    </ClInclude>
    <ClInclude Include="FMath.h" />
    <ClInclude Include="Core\Channel\FMessage.h">
      <Filter>Core\Channel</Filter>
    </ClInclude>
    <ClInclude Include="Core\Channel\FMessageChannel.h">
      <Filter>Core\Channel</Filter>
    </ClInclude>
    <ClInclude Include="Core\Channel\FMessageHandler.h">
      <Filter>Core\Channel</Filter>
    </ClInclude>
    <ClInclude Include="Core\Channel\FStateChannel.h">
      <Filter>Core\Channel</Filter>
    </ClInclude>
    <ClInclude Include="Core\Memory\Memory.h">
      <Filter>Core\Memory</Filter>
    </ClInclude>
    <ClInclude Include="Core\Memory\TEngineAllocator.h">
      <Filter>Core\Memory</Filter>
    </ClInclude>
    <ClInclude Include="Serialize\FArchive.h">
      <Filter>Serialize</Filter>
    </ClInclude>
    <ClInclude Include="Serialize\FArchiveJson.h">
      <Filter>Serialize</Filter>
    </ClInclude>
    <ClInclude Include="Serialize\FArchiveMemory.h">
      <Filter>Serialize</Filter>
    </ClInclude>
    <ClInclude Include="rapidjson\allocators.h">
      <Filter>rapidjson</Filter>
    </ClInclude>
    <ClInclude Include="rapidjson\cursorstreamwrapper.h">
      <Filter>rapidjson</Filter>
    </ClInclude>
    <ClInclude Include="rapidjson\document.h">
      <Filter>rapidjson</Filter>
    </ClInclude>
    <ClInclude Include="rapidjson\encodedstream.h">
      <Filter>rapidjson</Filter>
    </ClInclude>
    <ClInclude Include="rapidjson\encodings.h">
      <Filter>rapidjson</Filter>
    </ClInclude>
    <ClInclude Include="rapidjson\filereadstream.h">
      <Filter>rapidjson</Filter>
    </ClInclude>
    <ClInclude Include="rapidjson\filewritestream.h">
      <Filter>rapidjson</Filter>
    </ClInclude>
    <ClInclude Include="rapidjson\fwd.h">
      <Filter>rapidjson</Filter>
    </ClInclude>
    <ClInclude Include="rapidjson\istreamwrapper.h">
      <Filter>rapidjson</Filter>
    </ClInclude>
    <ClInclude Include="rapidjson\memorybuffer.h">
      <Filter>rapidjson</Filter>
    </ClInclude>
    <ClInclude Include="rapidjson\memorystream.h">
      <Filter>rapidjson</Filter>
    </ClInclude>
    <ClInclude Include="rapidjson\ostreamwrapper.h">
      <Filter>rapidjson</Filter>
    </ClInclude>
    <ClInclude Include="rapidjson\pointer.h">
      <Filter>rapidjson</Filter>
    </ClInclude>
    <ClInclude Include="rapidjson\prettywriter.h">
      <Filter>rapidjson</Filter>
    </ClInclude>
    <ClInclude Include="rapidjson\rapidjson.h">
      <Filter>rapidjson</Filter>
    </ClInclude>
    <ClInclude Include="rapidjson\reader.h">
      <Filter>rapidjson</Filter>
    </ClInclude>
    <ClInclude Include="rapidjson\schema.h">
      <Filter>rapidjson</Filter>
    </ClInclude>
    <ClInclude Include="rapidjson\stream.h">
      <Filter>rapidjson</Filter>
    </ClInclude>
    <ClInclude Include="rapidjson\stringbuffer.h">
      <Filter>rapidjson</Filter>
    </ClInclude>
    <ClInclude Include="rapidjson\uri.h">
      <Filter>rapidjson</Filter>
    </ClInclude>
    <ClInclude Include="rapidjson\writer.h">
      <Filter>rapidjson</Filter>
    </ClInclude>
    <ClInclude Include="rapidjson\error\en.h">
      <Filter>rapidjson\error</Filter>
    </ClInclude>
    <ClInclude Include="rapidjson\error\error.h">
      <Filter>rapidjson\error</Filter>
    </ClInclude>
    <ClInclude Include="rapidjson\internal\biginteger.h">
      <Filter>rapidjson\internal</Filter>
    </ClInclude>
    <ClInclude Include="rapidjson\internal\clzll.h">
      <Filter>rapidjson\internal</Filter>
    </ClInclude>
    <ClInclude Include="rapidjson\internal\diyfp.h">
      <Filter>rapidjson\internal</Filter>
    </ClInclude>
    <ClInclude Include="rapidjson\internal\dtoa.h">
      <Filter>rapidjson\internal</Filter>
    </ClInclude>
    <ClInclude Include="rapidjson\internal\ieee754.h">
      <Filter>rapidjson\internal</Filter>
    </ClInclude>
    <ClInclude Include="rapidjson\internal\itoa.h">
      <Filter>rapidjson\internal</Filter>
    </ClInclude>
    <ClInclude Include="rapidjson\internal\meta.h">
      <Filter>rapidjson\internal</Filter>
    </ClInclude>
    <ClInclude Include="rapidjson\internal\pow10.h">
      <Filter>rapidjson\internal</Filter>
    </ClInclude>
    <ClInclude Include="rapidjson\internal\regex.h">
      <Filter>rapidjson\internal</Filter>
    </ClInclude>
    <ClInclude Include="rapidjson\internal\stack.h">
      <Filter>rapidjson\internal</Filter>
    </ClInclude>
    <ClInclude Include="rapidjson\internal\strfunc.h">
      <Filter>rapidjson\internal</Filter>
    </ClInclude>
    <ClInclude Include="rapidjson\internal\strtod.h">
      <Filter>rapidjson\internal</Filter>
    </ClInclude>
    <ClInclude Include="rapidjson\internal\swap.h">
      <Filter>rapidjson\internal</Filter>
    </ClInclude>
    <ClInclude Include="rapidjson\msinttypes\inttypes.h">
      <Filter>rapidjson\msinttypes</Filter>
    </ClInclude>
    <ClInclude Include="rapidjson\msinttypes\stdint.h">
      <Filter>rapidjson\msinttypes</Filter>
    </ClInclude>
    <ClInclude Include="PCH.h" />
  </ItemGroup>
</Project>